// !$*UTF8*$!
{
	archiveVersion = 1;
	classes = {
	};
	objectVersion = 60;
	objects = {

/* Begin PBXBuildFile section */
		C45E9D062CAE05C6009CF62D /* Model.swift in Sources */ = {isa = PBXBuildFile; fileRef = C45E9D052CAE05C3009CF62D /* Model.swift */; };
		C45EE6222CB4581F006524B9 /* BondingRow.swift in Sources */ = {isa = PBXBuildFile; fileRef = C45EE6212CB4581F006524B9 /* BondingRow.swift */; };
		C467467F2C8F767600C17466 /* SpectaclesKitSampleApp.swift in Sources */ = {isa = PBXBuildFile; fileRef = C467467E2C8F767600C17466 /* SpectaclesKitSampleApp.swift */; };
		C46746812C8F767600C17466 /* BondingList.swift in Sources */ = {isa = PBXBuildFile; fileRef = C46746802C8F767600C17466 /* BondingList.swift */; };
		C46746832C8F767700C17466 /* Assets.xcassets in Resources */ = {isa = PBXBuildFile; fileRef = C46746822C8F767700C17466 /* Assets.xcassets */; };
		C46746872C8F767700C17466 /* Preview Assets.xcassets in Resources */ = {isa = PBXBuildFile; fileRef = C46746862C8F767700C17466 /* Preview Assets.xcassets */; };
		C4A48C972CCC57A400472EAF /* test.png in Resources */ = {isa = PBXBuildFile; fileRef = C4A48C962CCC57A400472EAF /* test.png */; };
		C4B15A7D2CA5E13000BB9B29 /* SpectaclesKit in Frameworks */ = {isa = PBXBuildFile; productRef = C4B15A7C2CA5E13000BB9B29 /* SpectaclesKit */; };
		C4C22F7E2CCC4FC0005A8B23 /* test.glb in Resources */ = {isa = PBXBuildFile; fileRef = C4C22F7D2CCC4FC0005A8B23 /* test.glb */; };
		C4DE71A52CB9916F00A385BC /* SessionView.swift in Sources */ = {isa = PBXBuildFile; fileRef = C4DE71A42CB9916F00A385BC /* SessionView.swift */; };
/* End PBXBuildFile section */

/* Begin PBXFileReference section */
		C442E4212C92582500BAAA40 /* Info.plist */ = {isa = PBXFileReference; lastKnownFileType = text.plist; path = Info.plist; sourceTree = "<group>"; };
		C45E9D052CAE05C3009CF62D /* Model.swift */ = {isa = PBXFileReference; lastKnownFileType = sourcecode.swift; path = Model.swift; sourceTree = "<group>"; };
		C45EE6212CB4581F006524B9 /* BondingRow.swift */ = {isa = PBXFileReference; lastKnownFileType = sourcecode.swift; path = BondingRow.swift; sourceTree = "<group>"; };
		C467467B2C8F767600C17466 /* SpectaclesKitSample.app */ = {isa = PBXFileReference; explicitFileType = wrapper.application; includeInIndex = 0; path = SpectaclesKitSample.app; sourceTree = BUILT_PRODUCTS_DIR; };
		C467467E2C8F767600C17466 /* SpectaclesKitSampleApp.swift */ = {isa = PBXFileReference; lastKnownFileType = sourcecode.swift; path = SpectaclesKitSampleApp.swift; sourceTree = "<group>"; };
		C46746802C8F767600C17466 /* BondingList.swift */ = {isa = PBXFileReference; lastKnownFileType = sourcecode.swift; path = BondingList.swift; sourceTree = "<group>"; };
		C46746822C8F767700C17466 /* Assets.xcassets */ = {isa = PBXFileReference; lastKnownFileType = folder.assetcatalog; path = Assets.xcassets; sourceTree = "<group>"; };
		C46746842C8F767700C17466 /* SpectaclesKitSample.entitlements */ = {isa = PBXFileReference; lastKnownFileType = text.plist.entitlements; path = SpectaclesKitSample.entitlements; sourceTree = "<group>"; };
		C46746862C8F767700C17466 /* Preview Assets.xcassets */ = {isa = PBXFileReference; lastKnownFileType = folder.assetcatalog; path = "Preview Assets.xcassets"; sourceTree = "<group>"; };
		C4A48C962CCC57A400472EAF /* test.png */ = {isa = PBXFileReference; lastKnownFileType = image.png; path = test.png; sourceTree = "<group>"; };
		C4C22F7D2CCC4FC0005A8B23 /* test.glb */ = {isa = PBXFileReference; lastKnownFileType = file; path = test.glb; sourceTree = "<group>"; };
		C4DE71A42CB9916F00A385BC /* SessionView.swift */ = {isa = PBXFileReference; lastKnownFileType = sourcecode.swift; path = SessionView.swift; sourceTree = "<group>"; };
/* End PBXFileReference section */

/* Begin PBXFrameworksBuildPhase section */
		C46746782C8F767600C17466 /* Frameworks */ = {
			isa = PBXFrameworksBuildPhase;
			buildActionMask = 2147483647;
			files = (
				C4B15A7D2CA5E13000BB9B29 /* SpectaclesKit in Frameworks */,
			);
			runOnlyForDeploymentPostprocessing = 0;
		};
/* End PBXFrameworksBuildPhase section */

/* Begin PBXGroup section */
		C457E5CD2C90D13B00C8A47B /* Frameworks */ = {
			isa = PBXGroup;
			children = (
			);
			name = Frameworks;
			sourceTree = "<group>";
		};
		C46746722C8F767600C17466 = {
			isa = PBXGroup;
			children = (
				C467467D2C8F767600C17466 /* SpectaclesKitSample */,
				C467467C2C8F767600C17466 /* Products */,
				C457E5CD2C90D13B00C8A47B /* Frameworks */,
			);
			sourceTree = "<group>";
		};
		C467467C2C8F767600C17466 /* Products */ = {
			isa = PBXGroup;
			children = (
				C467467B2C8F767600C17466 /* SpectaclesKitSample.app */,
			);
			name = Products;
			sourceTree = "<group>";
		};
		C467467D2C8F767600C17466 /* SpectaclesKitSample */ = {
			isa = PBXGroup;
			children = (
				C442E4212C92582500BAAA40 /* Info.plist */,
				C467467E2C8F767600C17466 /* SpectaclesKitSampleApp.swift */,
				C4DE71A42CB9916F00A385BC /* SessionView.swift */,
				C46746802C8F767600C17466 /* BondingList.swift */,
				C45EE6212CB4581F006524B9 /* BondingRow.swift */,
				C45E9D052CAE05C3009CF62D /* Model.swift */,
				C46746822C8F767700C17466 /* Assets.xcassets */,
				C4A48C962CCC57A400472EAF /* test.png */,
				C4C22F7D2CCC4FC0005A8B23 /* test.glb */,
				C46746842C8F767700C17466 /* SpectaclesKitSample.entitlements */,
				C46746852C8F767700C17466 /* Preview Content */,
			);
			path = SpectaclesKitSample;
			sourceTree = "<group>";
		};
		C46746852C8F767700C17466 /* Preview Content */ = {
			isa = PBXGroup;
			children = (
				C46746862C8F767700C17466 /* Preview Assets.xcassets */,
			);
			path = "Preview Content";
			sourceTree = "<group>";
		};
/* End PBXGroup section */

/* Begin PBXNativeTarget section */
		C467467A2C8F767600C17466 /* SpectaclesKitSample */ = {
			isa = PBXNativeTarget;
			buildConfigurationList = C46746A02C8F767700C17466 /* Build configuration list for PBXNativeTarget "SpectaclesKitSample" */;
			buildPhases = (
				C46746772C8F767600C17466 /* Sources */,
				C46746782C8F767600C17466 /* Frameworks */,
				C46746792C8F767600C17466 /* Resources */,
			);
			buildRules = (
			);
			dependencies = (
			);
			name = SpectaclesKitSample;
			packageProductDependencies = (
				C4B15A7C2CA5E13000BB9B29 /* SpectaclesKit */,
			);
			productName = SpectaclesKitDemo;
			productReference = C467467B2C8F767600C17466 /* SpectaclesKitSample.app */;
			productType = "com.apple.product-type.application";
		};
/* End PBXNativeTarget section */

/* Begin PBXProject section */
		C46746732C8F767600C17466 /* Project object */ = {
			isa = PBXProject;
			attributes = {
				BuildIndependentTargetsInParallel = 1;
				LastSwiftUpdateCheck = 1500;
				LastUpgradeCheck = 1500;
				TargetAttributes = {
					C467467A2C8F767600C17466 = {
						CreatedOnToolsVersion = 15.0;
					};
				};
			};
			buildConfigurationList = C46746762C8F767600C17466 /* Build configuration list for PBXProject "SpectaclesKitSample" */;
			compatibilityVersion = "Xcode 14.0";
			developmentRegion = en;
			hasScannedForEncodings = 0;
			knownRegions = (
				en,
				Base,
			);
			mainGroup = C46746722C8F767600C17466;
			packageReferences = (
				C4B15A7B2CA5E13000BB9B29 /* XCLocalSwiftPackageReference "../../../sdk/ios/SpectaclesKit" */,
			);
			productRefGroup = C467467C2C8F767600C17466 /* Products */;
			projectDirPath = "";
			projectRoot = "";
			targets = (
				C467467A2C8F767600C17466 /* SpectaclesKitSample */,
			);
		};
/* End PBXProject section */

/* Begin PBXResourcesBuildPhase section */
		C46746792C8F767600C17466 /* Resources */ = {
			isa = PBXResourcesBuildPhase;
			buildActionMask = 2147483647;
			files = (
				C46746872C8F767700C17466 /* Preview Assets.xcassets in Resources */,
				C4A48C972CCC57A400472EAF /* test.png in Resources */,
				C46746832C8F767700C17466 /* Assets.xcassets in Resources */,
				C4C22F7E2CCC4FC0005A8B23 /* test.glb in Resources */,
			);
			runOnlyForDeploymentPostprocessing = 0;
		};
/* End PBXResourcesBuildPhase section */

/* Begin PBXSourcesBuildPhase section */
		C46746772C8F767600C17466 /* Sources */ = {
			isa = PBXSourcesBuildPhase;
			buildActionMask = 2147483647;
			files = (
				C45EE6222CB4581F006524B9 /* BondingRow.swift in Sources */,
				C4DE71A52CB9916F00A385BC /* SessionView.swift in Sources */,
				C45E9D062CAE05C6009CF62D /* Model.swift in Sources */,
				C46746812C8F767600C17466 /* BondingList.swift in Sources */,
				C467467F2C8F767600C17466 /* SpectaclesKitSampleApp.swift in Sources */,
			);
			runOnlyForDeploymentPostprocessing = 0;
		};
/* End PBXSourcesBuildPhase section */

/* Begin XCBuildConfiguration section */
		C467469E2C8F767700C17466 /* Debug */ = {
			isa = XCBuildConfiguration;
			buildSettings = {
				ALWAYS_SEARCH_USER_PATHS = NO;
				ASSETCATALOG_COMPILER_GENERATE_SWIFT_ASSET_SYMBOL_EXTENSIONS = YES;
				CLANG_ANALYZER_NONNULL = YES;
				CLANG_ANALYZER_NUMBER_OBJECT_CONVERSION = YES_AGGRESSIVE;
				CLANG_CXX_LANGUAGE_STANDARD = "gnu++20";
				CLANG_ENABLE_MODULES = YES;
				CLANG_ENABLE_OBJC_ARC = YES;
				CLANG_ENABLE_OBJC_WEAK = YES;
				CLANG_WARN_BLOCK_CAPTURE_AUTORELEASING = YES;
				CLANG_WARN_BOOL_CONVERSION = YES;
				CLANG_WARN_COMMA = YES;
				CLANG_WARN_CONSTANT_CONVERSION = YES;
				CLANG_WARN_DEPRECATED_OBJC_IMPLEMENTATIONS = YES;
				CLANG_WARN_DIRECT_OBJC_ISA_USAGE = YES_ERROR;
				CLANG_WARN_DOCUMENTATION_COMMENTS = YES;
				CLANG_WARN_EMPTY_BODY = YES;
				CLANG_WARN_ENUM_CONVERSION = YES;
				CLANG_WARN_INFINITE_RECURSION = YES;
				CLANG_WARN_INT_CONVERSION = YES;
				CLANG_WARN_NON_LITERAL_NULL_CONVERSION = YES;
				CLANG_WARN_OBJC_IMPLICIT_RETAIN_SELF = YES;
				CLANG_WARN_OBJC_LITERAL_CONVERSION = YES;
				CLANG_WARN_OBJC_ROOT_CLASS = YES_ERROR;
				CLANG_WARN_QUOTED_INCLUDE_IN_FRAMEWORK_HEADER = YES;
				CLANG_WARN_RANGE_LOOP_ANALYSIS = YES;
				CLANG_WARN_STRICT_PROTOTYPES = YES;
				CLANG_WARN_SUSPICIOUS_MOVE = YES;
				CLANG_WARN_UNGUARDED_AVAILABILITY = YES_AGGRESSIVE;
				CLANG_WARN_UNREACHABLE_CODE = YES;
				CLANG_WARN__DUPLICATE_METHOD_MATCH = YES;
				COPY_PHASE_STRIP = NO;
				DEBUG_INFORMATION_FORMAT = dwarf;
				ENABLE_STRICT_OBJC_MSGSEND = YES;
				ENABLE_TESTABILITY = YES;
				ENABLE_USER_SCRIPT_SANDBOXING = YES;
				GCC_C_LANGUAGE_STANDARD = gnu17;
				GCC_DYNAMIC_NO_PIC = NO;
				GCC_NO_COMMON_BLOCKS = YES;
				GCC_OPTIMIZATION_LEVEL = 0;
				GCC_PREPROCESSOR_DEFINITIONS = (
					"DEBUG=1",
					"$(inherited)",
				);
				GCC_WARN_64_TO_32_BIT_CONVERSION = YES;
				GCC_WARN_ABOUT_RETURN_TYPE = YES_ERROR;
				GCC_WARN_UNDECLARED_SELECTOR = YES;
				GCC_WARN_UNINITIALIZED_AUTOS = YES_AGGRESSIVE;
				GCC_WARN_UNUSED_FUNCTION = YES;
				GCC_WARN_UNUSED_VARIABLE = YES;
				LOCALIZATION_PREFERS_STRING_CATALOGS = YES;
				MTL_ENABLE_DEBUG_INFO = INCLUDE_SOURCE;
				MTL_FAST_MATH = YES;
				ONLY_ACTIVE_ARCH = YES;
				SWIFT_ACTIVE_COMPILATION_CONDITIONS = "DEBUG $(inherited)";
				SWIFT_OPTIMIZATION_LEVEL = "-Onone";
				SWIFT_STRICT_CONCURRENCY = complete;
			};
			name = Debug;
		};
		C467469F2C8F767700C17466 /* Release */ = {
			isa = XCBuildConfiguration;
			buildSettings = {
				ALWAYS_SEARCH_USER_PATHS = NO;
				ASSETCATALOG_COMPILER_GENERATE_SWIFT_ASSET_SYMBOL_EXTENSIONS = YES;
				CLANG_ANALYZER_NONNULL = YES;
				CLANG_ANALYZER_NUMBER_OBJECT_CONVERSION = YES_AGGRESSIVE;
				CLANG_CXX_LANGUAGE_STANDARD = "gnu++20";
				CLANG_ENABLE_MODULES = YES;
				CLANG_ENABLE_OBJC_ARC = YES;
				CLANG_ENABLE_OBJC_WEAK = YES;
				CLANG_WARN_BLOCK_CAPTURE_AUTORELEASING = YES;
				CLANG_WARN_BOOL_CONVERSION = YES;
				CLANG_WARN_COMMA = YES;
				CLANG_WARN_CONSTANT_CONVERSION = YES;
				CLANG_WARN_DEPRECATED_OBJC_IMPLEMENTATIONS = YES;
				CLANG_WARN_DIRECT_OBJC_ISA_USAGE = YES_ERROR;
				CLANG_WARN_DOCUMENTATION_COMMENTS = YES;
				CLANG_WARN_EMPTY_BODY = YES;
				CLANG_WARN_ENUM_CONVERSION = YES;
				CLANG_WARN_INFINITE_RECURSION = YES;
				CLANG_WARN_INT_CONVERSION = YES;
				CLANG_WARN_NON_LITERAL_NULL_CONVERSION = YES;
				CLANG_WARN_OBJC_IMPLICIT_RETAIN_SELF = YES;
				CLANG_WARN_OBJC_LITERAL_CONVERSION = YES;
				CLANG_WARN_OBJC_ROOT_CLASS = YES_ERROR;
				CLANG_WARN_QUOTED_INCLUDE_IN_FRAMEWORK_HEADER = YES;
				CLANG_WARN_RANGE_LOOP_ANALYSIS = YES;
				CLANG_WARN_STRICT_PROTOTYPES = YES;
				CLANG_WARN_SUSPICIOUS_MOVE = YES;
				CLANG_WARN_UNGUARDED_AVAILABILITY = YES_AGGRESSIVE;
				CLANG_WARN_UNREACHABLE_CODE = YES;
				CLANG_WARN__DUPLICATE_METHOD_MATCH = YES;
				COPY_PHASE_STRIP = NO;
				DEBUG_INFORMATION_FORMAT = "dwarf-with-dsym";
				ENABLE_NS_ASSERTIONS = NO;
				ENABLE_STRICT_OBJC_MSGSEND = YES;
				ENABLE_USER_SCRIPT_SANDBOXING = YES;
				GCC_C_LANGUAGE_STANDARD = gnu17;
				GCC_NO_COMMON_BLOCKS = YES;
				GCC_WARN_64_TO_32_BIT_CONVERSION = YES;
				GCC_WARN_ABOUT_RETURN_TYPE = YES_ERROR;
				GCC_WARN_UNDECLARED_SELECTOR = YES;
				GCC_WARN_UNINITIALIZED_AUTOS = YES_AGGRESSIVE;
				GCC_WARN_UNUSED_FUNCTION = YES;
				GCC_WARN_UNUSED_VARIABLE = YES;
				LOCALIZATION_PREFERS_STRING_CATALOGS = YES;
				MTL_ENABLE_DEBUG_INFO = NO;
				MTL_FAST_MATH = YES;
				SWIFT_COMPILATION_MODE = wholemodule;
				SWIFT_STRICT_CONCURRENCY = complete;
			};
			name = Release;
		};
		C46746A12C8F767700C17466 /* Debug */ = {
			isa = XCBuildConfiguration;
			buildSettings = {
				ASSETCATALOG_COMPILER_APPICON_NAME = AppIcon;
				ASSETCATALOG_COMPILER_GLOBAL_ACCENT_COLOR_NAME = AccentColor;
				CODE_SIGN_ENTITLEMENTS = SpectaclesKitSample/SpectaclesKitSample.entitlements;
				CODE_SIGN_STYLE = Automatic;
				CURRENT_PROJECT_VERSION = 1;
				DEVELOPMENT_ASSET_PATHS = "\"SpectaclesKitSample/Preview Content\"";
				DEVELOPMENT_TEAM = 424M5254LK;
				ENABLE_HARDENED_RUNTIME = YES;
				ENABLE_PREVIEWS = YES;
				GENERATE_INFOPLIST_FILE = YES;
				INFOPLIST_FILE = SpectaclesKitSample/Info.plist;
				"INFOPLIST_KEY_UIApplicationSceneManifest_Generation[sdk=iphoneos*]" = YES;
				"INFOPLIST_KEY_UIApplicationSceneManifest_Generation[sdk=iphonesimulator*]" = YES;
				"INFOPLIST_KEY_UIApplicationSupportsIndirectInputEvents[sdk=iphoneos*]" = YES;
				"INFOPLIST_KEY_UIApplicationSupportsIndirectInputEvents[sdk=iphonesimulator*]" = YES;
				"INFOPLIST_KEY_UILaunchScreen_Generation[sdk=iphoneos*]" = YES;
				"INFOPLIST_KEY_UILaunchScreen_Generation[sdk=iphonesimulator*]" = YES;
				"INFOPLIST_KEY_UIStatusBarStyle[sdk=iphoneos*]" = UIStatusBarStyleDefault;
				"INFOPLIST_KEY_UIStatusBarStyle[sdk=iphonesimulator*]" = UIStatusBarStyleDefault;
				INFOPLIST_KEY_UISupportedInterfaceOrientations_iPad = "UIInterfaceOrientationPortrait UIInterfaceOrientationPortraitUpsideDown UIInterfaceOrientationLandscapeLeft UIInterfaceOrientationLandscapeRight";
				INFOPLIST_KEY_UISupportedInterfaceOrientations_iPhone = "UIInterfaceOrientationPortrait UIInterfaceOrientationLandscapeLeft UIInterfaceOrientationLandscapeRight";
				IPHONEOS_DEPLOYMENT_TARGET = 16.0;
				LD_RUNPATH_SEARCH_PATHS = "@executable_path/Frameworks";
				"LD_RUNPATH_SEARCH_PATHS[sdk=macosx*]" = "@executable_path/../Frameworks";
				MACOSX_DEPLOYMENT_TARGET = 14.0;
				MARKETING_VERSION = 1.0;
				PRODUCT_BUNDLE_IDENTIFIER = com.snapchat.secret.specskitprototype.debug;
				PRODUCT_NAME = "$(TARGET_NAME)";
				SDKROOT = auto;
				SUPPORTED_PLATFORMS = "iphoneos iphonesimulator";
				SUPPORTS_MACCATALYST = NO;
				SWIFT_EMIT_LOC_STRINGS = YES;
				SWIFT_STRICT_CONCURRENCY = complete;
				SWIFT_VERSION = 5.0;
				TARGETED_DEVICE_FAMILY = 1;
			};
			name = Debug;
		};
		C46746A22C8F767700C17466 /* Release */ = {
			isa = XCBuildConfiguration;
			buildSettings = {
				ASSETCATALOG_COMPILER_APPICON_NAME = AppIcon;
				ASSETCATALOG_COMPILER_GLOBAL_ACCENT_COLOR_NAME = AccentColor;
				CODE_SIGN_ENTITLEMENTS = SpectaclesKitSample/SpectaclesKitSample.entitlements;
				CODE_SIGN_STYLE = Automatic;
				CURRENT_PROJECT_VERSION = 1;
				DEVELOPMENT_ASSET_PATHS = "\"SpectaclesKitSample/Preview Content\"";
				DEVELOPMENT_TEAM = 424M5254LK;
				ENABLE_HARDENED_RUNTIME = YES;
				ENABLE_PREVIEWS = YES;
				GENERATE_INFOPLIST_FILE = YES;
				INFOPLIST_FILE = SpectaclesKitSample/Info.plist;
				"INFOPLIST_KEY_UIApplicationSceneManifest_Generation[sdk=iphoneos*]" = YES;
				"INFOPLIST_KEY_UIApplicationSceneManifest_Generation[sdk=iphonesimulator*]" = YES;
				"INFOPLIST_KEY_UIApplicationSupportsIndirectInputEvents[sdk=iphoneos*]" = YES;
				"INFOPLIST_KEY_UIApplicationSupportsIndirectInputEvents[sdk=iphonesimulator*]" = YES;
				"INFOPLIST_KEY_UILaunchScreen_Generation[sdk=iphoneos*]" = YES;
				"INFOPLIST_KEY_UILaunchScreen_Generation[sdk=iphonesimulator*]" = YES;
				"INFOPLIST_KEY_UIStatusBarStyle[sdk=iphoneos*]" = UIStatusBarStyleDefault;
				"INFOPLIST_KEY_UIStatusBarStyle[sdk=iphonesimulator*]" = UIStatusBarStyleDefault;
				INFOPLIST_KEY_UISupportedInterfaceOrientations_iPad = "UIInterfaceOrientationPortrait UIInterfaceOrientationPortraitUpsideDown UIInterfaceOrientationLandscapeLeft UIInterfaceOrientationLandscapeRight";
				INFOPLIST_KEY_UISupportedInterfaceOrientations_iPhone = "UIInterfaceOrientationPortrait UIInterfaceOrientationLandscapeLeft UIInterfaceOrientationLandscapeRight";
				IPHONEOS_DEPLOYMENT_TARGET = 16.0;
				LD_RUNPATH_SEARCH_PATHS = "@executable_path/Frameworks";
				"LD_RUNPATH_SEARCH_PATHS[sdk=macosx*]" = "@executable_path/../Frameworks";
				MACOSX_DEPLOYMENT_TARGET = 14.0;
				MARKETING_VERSION = 1.0;
				PRODUCT_BUNDLE_IDENTIFIER = com.snapchat.secret.specskitprototype.debug;
				PRODUCT_NAME = "$(TARGET_NAME)";
				SDKROOT = auto;
				SUPPORTED_PLATFORMS = "iphoneos iphonesimulator";
				SUPPORTS_MACCATALYST = NO;
				SWIFT_EMIT_LOC_STRINGS = YES;
				SWIFT_STRICT_CONCURRENCY = complete;
				SWIFT_VERSION = 5.0;
				TARGETED_DEVICE_FAMILY = 1;
			};
			name = Release;
		};
/* End XCBuildConfiguration section */

/* Begin XCConfigurationList section */
		C46746762C8F767600C17466 /* Build configuration list for PBXProject "SpectaclesKitSample" */ = {
			isa = XCConfigurationList;
			buildConfigurations = (
				C467469E2C8F767700C17466 /* Debug */,
				C467469F2C8F767700C17466 /* Release */,
			);
			defaultConfigurationIsVisible = 0;
			defaultConfigurationName = Release;
		};
		C46746A02C8F767700C17466 /* Build configuration list for PBXNativeTarget "SpectaclesKitSample" */ = {
			isa = XCConfigurationList;
			buildConfigurations = (
				C46746A12C8F767700C17466 /* Debug */,
				C46746A22C8F767700C17466 /* Release */,
			);
			defaultConfigurationIsVisible = 0;
			defaultConfigurationName = Release;
		};
/* End XCConfigurationList section */

/* Begin XCLocalSwiftPackageReference section */
		C4B15A7B2CA5E13000BB9B29 /* XCLocalSwiftPackageReference "../../../sdk/ios/SpectaclesKit" */ = {
			isa = XCLocalSwiftPackageReference;
			relativePath = ../../../sdk/ios/SpectaclesKit;
		};
/* End XCLocalSwiftPackageReference section */

/* Begin XCSwiftPackageProductDependency section */
		C4B15A7C2CA5E13000BB9B29 /* SpectaclesKit */ = {
			isa = XCSwiftPackageProductDependency;
			productName = SpectaclesKit;
		};
/* End XCSwiftPackageProductDependency section */
	};
	rootObject = C46746732C8F767600C17466 /* Project object */;
}
